
Microsoft Visual Studio Solution File, Format Version 12.00
# Visual Studio Version 17
VisualStudioVersion = 17.1.32414.318
MinimumVisualStudioVersion = 10.0.40219.1
Project("{FAE04EC0-301F-11D3-BF4B-00C04F79EFBC}") = "1Konsolen ausgabe", "1Konsolen ausgabe\1Konsolen ausgabe.csproj", "{34477818-727D-4203-8150-28A4CE1FAEC7}"
EndProject
Global
	GlobalSection(SolutionConfigurationPlatforms) = preSolution
		Debug|Any CPU = Debug|Any CPU
		Release|Any CPU = Release|Any CPU
	EndGlobalSection
	GlobalSection(ProjectConfigurationPlatforms) = postSolution
		{34477818-727D-4203-8150-28A4CE1FAEC7}.Debug|Any CPU.ActiveCfg = Debug|Any CPU
		{34477818-727D-4203-8150-28A4CE1FAEC7}.Debug|Any CPU.Build.0 = Debug|Any CPU
		{34477818-727D-4203-8150-28A4CE1FAEC7}.Release|Any CPU.ActiveCfg = Release|Any CPU
		{34477818-727D-4203-8150-28A4CE1FAEC7}.Release|Any CPU.Build.0 = Release|Any CPU
	EndGlobalSection
	GlobalSection(SolutionProperties) = preSolution
		HideSolutionNode = FALSE
	EndGlobalSection
	GlobalSection(ExtensibilityGlobals) = postSolution
		SolutionGuid = {2A518E10-91E6-4099-94DF-4A9F0A9F8CD7}
	EndGlobalSection
EndGlobal
